
Microsoft Visual Studio Solution File, Format Version 12.00
# Visual Studio Version 16
VisualStudioVersion = 16.0.29609.76
MinimumVisualStudioVersion = 10.0.40219.1
Project("{FAE04EC0-301F-11D3-BF4B-00C04F79EFBC}") = "App", "App.csproj", "{CA2A5F94-D387-406D-A19D-AE9EF4D03AA7}"
EndProject
Global
	GlobalSection(SolutionConfigurationPlatforms) = preSolution
		Debug|Any CPU = Debug|Any CPU
		Release|Any CPU = Release|Any CPU
	EndGlobalSection
	GlobalSection(ProjectConfigurationPlatforms) = postSolution
		{CA2A5F94-D387-406D-A19D-AE9EF4D03AA7}.Debug|Any CPU.ActiveCfg = Debug|Any CPU
		{CA2A5F94-D387-406D-A19D-AE9EF4D03AA7}.Debug|Any CPU.Build.0 = Debug|Any CPU
		{CA2A5F94-D387-406D-A19D-AE9EF4D03AA7}.Release|Any CPU.ActiveCfg = Release|Any CPU
		{CA2A5F94-D387-406D-A19D-AE9EF4D03AA7}.Release|Any CPU.Build.0 = Release|Any CPU
	EndGlobalSection
	GlobalSection(SolutionProperties) = preSolution
		HideSolutionNode = FALSE
	EndGlobalSection
	GlobalSection(ExtensibilityGlobals) = postSolution
		SolutionGuid = {14BA7009-C820-4CA5-8298-14F20AA094E9}
	EndGlobalSection
EndGlobal
